
Microsoft Visual Studio Solution File, Format Version 12.00
# Visual Studio 14
VisualStudioVersion = 14.0.23023.0
MinimumVisualStudioVersion = 10.0.40219.1
Project("{2150E333-8FDC-42A3-9474-1A3956D46DE8}") = "Solution Items", "Solution Items", "{1A4293D1-32C1-4DBC-A630-19E48D988897}"
	ProjectSection(SolutionItems) = preProject
		IntegrationTests.testsettings = IntegrationTests.testsettings
		UnitTests.testsettings = UnitTests.testsettings
	EndProjectSection
EndProject
Project("{FAE04EC0-301F-11D3-BF4B-00C04F79EFBC}") = "Synopsis", "Synopsis\Synopsis.csproj", "{4556266D-1A1F-4174-B046-2E3D3E8C7AEF}"
EndProject
Project("{FAE04EC0-301F-11D3-BF4B-00C04F79EFBC}") = "Synopsis_UnitTests", "Synopsis_UnitTests\Synopsis_UnitTests.csproj", "{DA1DDDCE-C8D9-491D-943D-EF50E181603E}"
EndProject
Project("{FAE04EC0-301F-11D3-BF4B-00C04F79EFBC}") = "SynopsisVSPkg", "SynopsisVSPkg\SynopsisVSPkg.csproj", "{898ECE2E-6A1C-43CA-A2E3-7BD6F2BFD5D0}"
EndProject
Project("{FAE04EC0-301F-11D3-BF4B-00C04F79EFBC}") = "SynopsisVSPkg_IntegrationTests", "SynopsisVSPkg\SynopsisVSPkg_IntegrationTests\SynopsisVSPkg_IntegrationTests.csproj", "{64BEC4B8-5DF0-4451-BDA9-43836C400853}"
EndProject
Project("{FAE04EC0-301F-11D3-BF4B-00C04F79EFBC}") = "SynopsisVSPkg_UnitTests", "SynopsisVSPkg\SynopsisVSPkg_UnitTests\SynopsisVSPkg_UnitTests.csproj", "{F211C5E6-6555-4FEA-88B1-BD2E64F62AD5}"
EndProject
Project("{FAE04EC0-301F-11D3-BF4B-00C04F79EFBC}") = "SynopsisViews", "SynopsisViews\SynopsisViews.csproj", "{B6D7EDE0-4C87-40F8-B19D-6EE646F5DF97}"
EndProject
Project("{FAE04EC0-301F-11D3-BF4B-00C04F79EFBC}") = "SynopsysWin", "SynopsysWin\SynopsysWin.csproj", "{C8458F09-3A11-4288-B42E-FAFBC8EB0336}"
EndProject
Project("{FAE04EC0-301F-11D3-BF4B-00C04F79EFBC}") = "SynopsisViews.UnitTests", "SynopsisViews.UnitTests\SynopsisViews.UnitTests.csproj", "{BE4A0886-7260-4E00-8203-BDAB30F3A5D8}"
EndProject
Global
	GlobalSection(SolutionConfigurationPlatforms) = preSolution
		Debug|Any CPU = Debug|Any CPU
		Release|Any CPU = Release|Any CPU
	EndGlobalSection
	GlobalSection(ProjectConfigurationPlatforms) = postSolution
		{4556266D-1A1F-4174-B046-2E3D3E8C7AEF}.Debug|Any CPU.ActiveCfg = Debug|Any CPU
		{4556266D-1A1F-4174-B046-2E3D3E8C7AEF}.Debug|Any CPU.Build.0 = Debug|Any CPU
		{4556266D-1A1F-4174-B046-2E3D3E8C7AEF}.Release|Any CPU.ActiveCfg = Release|Any CPU
		{4556266D-1A1F-4174-B046-2E3D3E8C7AEF}.Release|Any CPU.Build.0 = Release|Any CPU
		{DA1DDDCE-C8D9-491D-943D-EF50E181603E}.Debug|Any CPU.ActiveCfg = Debug|Any CPU
		{DA1DDDCE-C8D9-491D-943D-EF50E181603E}.Debug|Any CPU.Build.0 = Debug|Any CPU
		{DA1DDDCE-C8D9-491D-943D-EF50E181603E}.Release|Any CPU.ActiveCfg = Release|Any CPU
		{DA1DDDCE-C8D9-491D-943D-EF50E181603E}.Release|Any CPU.Build.0 = Release|Any CPU
		{898ECE2E-6A1C-43CA-A2E3-7BD6F2BFD5D0}.Debug|Any CPU.ActiveCfg = Debug|Any CPU
		{898ECE2E-6A1C-43CA-A2E3-7BD6F2BFD5D0}.Debug|Any CPU.Build.0 = Debug|Any CPU
		{898ECE2E-6A1C-43CA-A2E3-7BD6F2BFD5D0}.Release|Any CPU.ActiveCfg = Release|Any CPU
		{898ECE2E-6A1C-43CA-A2E3-7BD6F2BFD5D0}.Release|Any CPU.Build.0 = Release|Any CPU
		{64BEC4B8-5DF0-4451-BDA9-43836C400853}.Debug|Any CPU.ActiveCfg = Debug|Any CPU
		{64BEC4B8-5DF0-4451-BDA9-43836C400853}.Debug|Any CPU.Build.0 = Debug|Any CPU
		{64BEC4B8-5DF0-4451-BDA9-43836C400853}.Release|Any CPU.ActiveCfg = Release|Any CPU
		{64BEC4B8-5DF0-4451-BDA9-43836C400853}.Release|Any CPU.Build.0 = Release|Any CPU
		{F211C5E6-6555-4FEA-88B1-BD2E64F62AD5}.Debug|Any CPU.ActiveCfg = Debug|Any CPU
		{F211C5E6-6555-4FEA-88B1-BD2E64F62AD5}.Debug|Any CPU.Build.0 = Debug|Any CPU
		{F211C5E6-6555-4FEA-88B1-BD2E64F62AD5}.Release|Any CPU.ActiveCfg = Release|Any CPU
		{F211C5E6-6555-4FEA-88B1-BD2E64F62AD5}.Release|Any CPU.Build.0 = Release|Any CPU
		{B6D7EDE0-4C87-40F8-B19D-6EE646F5DF97}.Debug|Any CPU.ActiveCfg = Debug|Any CPU
		{B6D7EDE0-4C87-40F8-B19D-6EE646F5DF97}.Debug|Any CPU.Build.0 = Debug|Any CPU
		{B6D7EDE0-4C87-40F8-B19D-6EE646F5DF97}.Release|Any CPU.ActiveCfg = Release|Any CPU
		{B6D7EDE0-4C87-40F8-B19D-6EE646F5DF97}.Release|Any CPU.Build.0 = Release|Any CPU
		{C8458F09-3A11-4288-B42E-FAFBC8EB0336}.Debug|Any CPU.ActiveCfg = Debug|Any CPU
		{C8458F09-3A11-4288-B42E-FAFBC8EB0336}.Debug|Any CPU.Build.0 = Debug|Any CPU
		{C8458F09-3A11-4288-B42E-FAFBC8EB0336}.Release|Any CPU.ActiveCfg = Release|Any CPU
		{C8458F09-3A11-4288-B42E-FAFBC8EB0336}.Release|Any CPU.Build.0 = Release|Any CPU
		{BE4A0886-7260-4E00-8203-BDAB30F3A5D8}.Debug|Any CPU.ActiveCfg = Debug|Any CPU
		{BE4A0886-7260-4E00-8203-BDAB30F3A5D8}.Debug|Any CPU.Build.0 = Debug|Any CPU
		{BE4A0886-7260-4E00-8203-BDAB30F3A5D8}.Release|Any CPU.ActiveCfg = Release|Any CPU
		{BE4A0886-7260-4E00-8203-BDAB30F3A5D8}.Release|Any CPU.Build.0 = Release|Any CPU
	EndGlobalSection
	GlobalSection(SolutionProperties) = preSolution
		HideSolutionNode = FALSE
	EndGlobalSection
EndGlobal
