
Microsoft Visual Studio Solution File, Format Version 12.00
# Visual Studio 2013
VisualStudioVersion = 12.0.21005.1
MinimumVisualStudioVersion = 10.0.40219.1
Project("{FAE04EC0-301F-11D3-BF4B-00C04F79EFBC}") = "Synopsis", "Synopsis\Synopsis.csproj", "{4556266D-1A1F-4174-B046-2E3D3E8C7AEF}"
EndProject
Project("{FAE04EC0-301F-11D3-BF4B-00C04F79EFBC}") = "Synopsis_UnitTests", "Synopsis_UnitTests\Synopsis_UnitTests.csproj", "{DA1DDDCE-C8D9-491D-943D-EF50E181603E}"
EndProject
Global
	GlobalSection(SolutionConfigurationPlatforms) = preSolution
		Debug|Any CPU = Debug|Any CPU
		Release|Any CPU = Release|Any CPU
	EndGlobalSection
	GlobalSection(ProjectConfigurationPlatforms) = postSolution
		{4556266D-1A1F-4174-B046-2E3D3E8C7AEF}.Debug|Any CPU.ActiveCfg = Debug|Any CPU
		{4556266D-1A1F-4174-B046-2E3D3E8C7AEF}.Debug|Any CPU.Build.0 = Debug|Any CPU
		{4556266D-1A1F-4174-B046-2E3D3E8C7AEF}.Release|Any CPU.ActiveCfg = Release|Any CPU
		{4556266D-1A1F-4174-B046-2E3D3E8C7AEF}.Release|Any CPU.Build.0 = Release|Any CPU
		{DA1DDDCE-C8D9-491D-943D-EF50E181603E}.Debug|Any CPU.ActiveCfg = Debug|Any CPU
		{DA1DDDCE-C8D9-491D-943D-EF50E181603E}.Debug|Any CPU.Build.0 = Debug|Any CPU
		{DA1DDDCE-C8D9-491D-943D-EF50E181603E}.Release|Any CPU.ActiveCfg = Release|Any CPU
		{DA1DDDCE-C8D9-491D-943D-EF50E181603E}.Release|Any CPU.Build.0 = Release|Any CPU
	EndGlobalSection
	GlobalSection(SolutionProperties) = preSolution
		HideSolutionNode = FALSE
	EndGlobalSection
EndGlobal
